
Microsoft Visual Studio Solution File, Format Version 12.00
# Visual Studio Version 17
VisualStudioVersion = 17.0.32014.148
MinimumVisualStudioVersion = 10.0.40219.1
Project("{2150E333-8FDC-42A3-9474-1A3956D46DE8}") = "Exemplos", "Exemplos", "{0A293111-2FB5-4825-8AE9-644BF0C6C85E}"
EndProject
Project("{2150E333-8FDC-42A3-9474-1A3956D46DE8}") = "Exercícios", "Exercícios", "{B3CEF985-BCF8-4ACF-A4FC-FCECC86D8CDC}"
EndProject
Project("{2150E333-8FDC-42A3-9474-1A3956D46DE8}") = "Listas", "Listas", "{561A323B-B720-451A-AE8E-D4570D468149}"
	ProjectSection(SolutionItems) = preProject
		..\..\..\..\Área de Trabalho\Lista 01 - Solicitacao de Informacao.pdf = ..\..\..\..\Área de Trabalho\Lista 01 - Solicitacao de Informacao.pdf
		..\..\..\..\Área de Trabalho\Lista 02 - Estrutura Condicional.pdf = ..\..\..\..\Área de Trabalho\Lista 02 - Estrutura Condicional.pdf
		..\..\..\..\Área de Trabalho\Lista 03 - While.pdf = ..\..\..\..\Área de Trabalho\Lista 03 - While.pdf
		..\..\..\..\Área de Trabalho\Lista 04 - Vetor complementar.pdf = ..\..\..\..\Área de Trabalho\Lista 04 - Vetor complementar.pdf
		Listas\Lista 04 - Vetor.pdf = Listas\Lista 04 - Vetor.pdf
		..\..\..\..\Área de Trabalho\Lista 05 - Orientação a objetos.pdf = ..\..\..\..\Área de Trabalho\Lista 05 - Orientação a objetos.pdf
		..\..\..\..\Área de Trabalho\Lista 06 - Listas de tipos primitivos.pdf = ..\..\..\..\Área de Trabalho\Lista 06 - Listas de tipos primitivos.pdf
		..\..\..\..\Área de Trabalho\Lista 07 - Listas de objetos.pdf = ..\..\..\..\Área de Trabalho\Lista 07 - Listas de objetos.pdf
		..\..\..\..\Downloads\Lista 08 - SQL Insert.pdf = ..\..\..\..\Downloads\Lista 08 - SQL Insert.pdf
		..\..\..\..\Área de Trabalho\Lista IF Complementar.pdf = ..\..\..\..\Área de Trabalho\Lista IF Complementar.pdf
	EndProjectSection
EndProject
Project("{9A19103F-16F7-4668-BE54-9A1E7A4F7556}") = "Entra21.ExemplosFor", "Exemplos\Entra21.ExemplosFor\Entra21.ExemplosFor.csproj", "{0909840C-9D45-48EF-BD77-F36321B22775}"
EndProject
Project("{9A19103F-16F7-4668-BE54-9A1E7A4F7556}") = "Entra21.ExemplosFundamentosCSharp", "Exemplos\Entra21.ExemplosFundamentosCSharp\Entra21.ExemplosFundamentosCSharp.csproj", "{65E1CC5E-B8B8-448D-AC78-550FCE11E71B}"
EndProject
Project("{9A19103F-16F7-4668-BE54-9A1E7A4F7556}") = "Entra21.ExemplosIf", "Exemplos\Entra21.ExemplosIf\Entra21.ExemplosIf.csproj", "{9E8A149B-6914-4896-B3CC-644B7C10828F}"
EndProject
Project("{9A19103F-16F7-4668-BE54-9A1E7A4F7556}") = "Entra21.ExemplosLista", "Exemplos\Entra21.ExemplosLista\Entra21.ExemplosLista.csproj", "{9EBD8951-23D7-4DDA-89BA-03C79626BFC8}"
EndProject
Project("{9A19103F-16F7-4668-BE54-9A1E7A4F7556}") = "Entra21.ExemplosListaObjetos", "Exemplos\Entra21.ExemplosListaObjetos\Entra21.ExemplosListaObjetos.csproj", "{1FA6C6C9-24AA-40C3-9989-54D3B7CEA51C}"
EndProject
Project("{9A19103F-16F7-4668-BE54-9A1E7A4F7556}") = "Entra21.ExemplosMetodosString", "Exemplos\Entra21.ExemplosMetodosString\Entra21.ExemplosMetodosString.csproj", "{500CB020-FEBF-4442-A395-CA08FE768A67}"
EndProject
Project("{9A19103F-16F7-4668-BE54-9A1E7A4F7556}") = "Entra21.ExemplosOrientacaoObjetos", "Exemplos\Entra21.ExemplosOrientacaoObjetos\Entra21.ExemplosOrientacaoObjetos.csproj", "{40619C38-21EC-421E-8EFD-79A833AB1A95}"
EndProject
Project("{9A19103F-16F7-4668-BE54-9A1E7A4F7556}") = "Entra21.ExemplosOrientacaoObjetos.Tests", "Exemplos\Entra21.ExemplosOrientacaoObjetos.Tests\Entra21.ExemplosOrientacaoObjetos.Tests.csproj", "{6531550B-A30F-41B3-B821-CD28766129F4}"
EndProject
Project("{9A19103F-16F7-4668-BE54-9A1E7A4F7556}") = "Entra21.ExemplosTryCatch", "Exemplos\Entra21.ExemplosTryCatch\Entra21.ExemplosTryCatch.csproj", "{890298EA-DB19-4E16-BD84-870DE3E2FC57}"
EndProject
Project("{9A19103F-16F7-4668-BE54-9A1E7A4F7556}") = "Entra21.ExemplosWhile", "Exemplos\Entra21.ExemplosWhile\Entra21.ExemplosWhile.csproj", "{BA83312D-3250-4288-8C84-ADF4067CB814}"
EndProject
Project("{9A19103F-16F7-4668-BE54-9A1E7A4F7556}") = "Entra21.SegurancaDosObjetos", "Exemplos\Entra21.SegurancaDosObjetos\Entra21.SegurancaDosObjetos.csproj", "{DDC48CB3-1E39-417A-A42B-26B104FD8B88}"
EndProject
Project("{9A19103F-16F7-4668-BE54-9A1E7A4F7556}") = "Entra21.ExerciciosForComTryCatch", "Exercícios\Entra21.ExerciciosForComTryCatch\Entra21.ExerciciosForComTryCatch.csproj", "{1147AC5D-EABE-4615-8FE4-44EB76E30EBB}"
EndProject
Project("{9A19103F-16F7-4668-BE54-9A1E7A4F7556}") = "Entra21.ExerciciosLista", "Exercícios\Entra21.ExerciciosLista\Entra21.ExerciciosLista.csproj", "{C2802E20-1792-477A-B2C8-BC00B4EB4EDE}"
EndProject
Project("{9A19103F-16F7-4668-BE54-9A1E7A4F7556}") = "Entra21.ExerciciosListaObjetos", "Exercícios\Entra21.ExerciciosListaObjetos\Entra21.ExerciciosListaObjetos.csproj", "{07C0D834-CECE-4F78-B0D6-BB91DC89BCC5}"
EndProject
Project("{9A19103F-16F7-4668-BE54-9A1E7A4F7556}") = "Entra21.ExerciciosOrientacaoObjetos", "Exercícios\Entra21.ExerciciosOrientacaoObjetos\Entra21.ExerciciosOrientacaoObjetos.csproj", "{ED99794A-B694-4EB9-B6A6-BC35DE71EFAF}"
EndProject
Project("{9A19103F-16F7-4668-BE54-9A1E7A4F7556}") = "Entra21.ExerciciosOrientacaoObjetos.Tests", "Exercícios\Entra21.ExerciciosOrientacaoObjetos.Tests\Entra21.ExerciciosOrientacaoObjetos.Tests.csproj", "{8B3C5689-2FB3-4135-B705-0CBD6979E932}"
EndProject
Project("{9A19103F-16F7-4668-BE54-9A1E7A4F7556}") = "Entra21.ExerciciosSolicitacaoDeInformacao", "Exercícios\Entra21.ExerciciosSolicitacaoDeInformacao\Entra21.ExerciciosSolicitacaoDeInformacao.csproj", "{AE5BC300-AC22-4D30-A061-9406BC9949A4}"
EndProject
Project("{9A19103F-16F7-4668-BE54-9A1E7A4F7556}") = "Entra21.ExerciciosVetor", "Exercícios\Entra21.ExerciciosVetor\Entra21.ExerciciosVetor.csproj", "{620F398C-0C08-4EDE-8E6E-C4654B2589FA}"
EndProject
Project("{9A19103F-16F7-4668-BE54-9A1E7A4F7556}") = "Entra21.ExerciciosVetoresComplementares", "Exercícios\Entra21.ExerciciosVetoresComplementares\Entra21.ExerciciosVetoresComplementares.csproj", "{738B46A3-763A-434F-B07F-79D330D19CD7}"
EndProject
Project("{9A19103F-16F7-4668-BE54-9A1E7A4F7556}") = "Entra21.ExerciciosWhile", "Exercícios\Entra21.ExerciciosWhile\Entra21.ExerciciosWhile.csproj", "{2C7D33C3-44B1-4240-9BF1-D50F3DD4BF58}"
EndProject
Project("{9A19103F-16F7-4668-BE54-9A1E7A4F7556}") = "Entra21.ExemplosWindowsForms", "Exemplos\Entra21.ExemplosWindowsForms\Entra21.ExemplosWindowsForms.csproj", "{A7B326D2-F40C-4FCA-8B79-189B0F968498}"
EndProject
Project("{2150E333-8FDC-42A3-9474-1A3956D46DE8}") = "SQL", "SQL", "{2C20215E-46E1-48B8-877C-7410AFD92634}"
	ProjectSection(SolutionItems) = preProject
		..\..\..\..\Desktop\ExemplosSQLComandosBasicos.sql = ..\..\..\..\Desktop\ExemplosSQLComandosBasicos.sql
	EndProjectSection
EndProject
Project("{2150E333-8FDC-42A3-9474-1A3956D46DE8}") = "SQL", "SQL", "{865ECDEB-9A50-4160-875E-2BEAEA8DD41A}"
	ProjectSection(SolutionItems) = preProject
		Exercícios\SQL\Lista08.sql = Exercícios\SQL\Lista08.sql
	EndProjectSection
EndProject
Global
	GlobalSection(SolutionConfigurationPlatforms) = preSolution
		Debug|Any CPU = Debug|Any CPU
		Debug|x86 = Debug|x86
		Release|Any CPU = Release|Any CPU
		Release|x86 = Release|x86
	EndGlobalSection
	GlobalSection(ProjectConfigurationPlatforms) = postSolution
		{0909840C-9D45-48EF-BD77-F36321B22775}.Debug|Any CPU.ActiveCfg = Debug|Any CPU
		{0909840C-9D45-48EF-BD77-F36321B22775}.Debug|Any CPU.Build.0 = Debug|Any CPU
		{0909840C-9D45-48EF-BD77-F36321B22775}.Debug|x86.ActiveCfg = Debug|Any CPU
		{0909840C-9D45-48EF-BD77-F36321B22775}.Debug|x86.Build.0 = Debug|Any CPU
		{0909840C-9D45-48EF-BD77-F36321B22775}.Release|Any CPU.ActiveCfg = Release|Any CPU
		{0909840C-9D45-48EF-BD77-F36321B22775}.Release|Any CPU.Build.0 = Release|Any CPU
		{0909840C-9D45-48EF-BD77-F36321B22775}.Release|x86.ActiveCfg = Release|Any CPU
		{0909840C-9D45-48EF-BD77-F36321B22775}.Release|x86.Build.0 = Release|Any CPU
		{65E1CC5E-B8B8-448D-AC78-550FCE11E71B}.Debug|Any CPU.ActiveCfg = Debug|Any CPU
		{65E1CC5E-B8B8-448D-AC78-550FCE11E71B}.Debug|Any CPU.Build.0 = Debug|Any CPU
		{65E1CC5E-B8B8-448D-AC78-550FCE11E71B}.Debug|x86.ActiveCfg = Debug|Any CPU
		{65E1CC5E-B8B8-448D-AC78-550FCE11E71B}.Debug|x86.Build.0 = Debug|Any CPU
		{65E1CC5E-B8B8-448D-AC78-550FCE11E71B}.Release|Any CPU.ActiveCfg = Release|Any CPU
		{65E1CC5E-B8B8-448D-AC78-550FCE11E71B}.Release|Any CPU.Build.0 = Release|Any CPU
		{65E1CC5E-B8B8-448D-AC78-550FCE11E71B}.Release|x86.ActiveCfg = Release|Any CPU
		{65E1CC5E-B8B8-448D-AC78-550FCE11E71B}.Release|x86.Build.0 = Release|Any CPU
		{9E8A149B-6914-4896-B3CC-644B7C10828F}.Debug|Any CPU.ActiveCfg = Debug|Any CPU
		{9E8A149B-6914-4896-B3CC-644B7C10828F}.Debug|Any CPU.Build.0 = Debug|Any CPU
		{9E8A149B-6914-4896-B3CC-644B7C10828F}.Debug|x86.ActiveCfg = Debug|Any CPU
		{9E8A149B-6914-4896-B3CC-644B7C10828F}.Debug|x86.Build.0 = Debug|Any CPU
		{9E8A149B-6914-4896-B3CC-644B7C10828F}.Release|Any CPU.ActiveCfg = Release|Any CPU
		{9E8A149B-6914-4896-B3CC-644B7C10828F}.Release|Any CPU.Build.0 = Release|Any CPU
		{9E8A149B-6914-4896-B3CC-644B7C10828F}.Release|x86.ActiveCfg = Release|Any CPU
		{9E8A149B-6914-4896-B3CC-644B7C10828F}.Release|x86.Build.0 = Release|Any CPU
		{9EBD8951-23D7-4DDA-89BA-03C79626BFC8}.Debug|Any CPU.ActiveCfg = Debug|Any CPU
		{9EBD8951-23D7-4DDA-89BA-03C79626BFC8}.Debug|Any CPU.Build.0 = Debug|Any CPU
		{9EBD8951-23D7-4DDA-89BA-03C79626BFC8}.Debug|x86.ActiveCfg = Debug|Any CPU
		{9EBD8951-23D7-4DDA-89BA-03C79626BFC8}.Debug|x86.Build.0 = Debug|Any CPU
		{9EBD8951-23D7-4DDA-89BA-03C79626BFC8}.Release|Any CPU.ActiveCfg = Release|Any CPU
		{9EBD8951-23D7-4DDA-89BA-03C79626BFC8}.Release|Any CPU.Build.0 = Release|Any CPU
		{9EBD8951-23D7-4DDA-89BA-03C79626BFC8}.Release|x86.ActiveCfg = Release|Any CPU
		{9EBD8951-23D7-4DDA-89BA-03C79626BFC8}.Release|x86.Build.0 = Release|Any CPU
		{1FA6C6C9-24AA-40C3-9989-54D3B7CEA51C}.Debug|Any CPU.ActiveCfg = Debug|Any CPU
		{1FA6C6C9-24AA-40C3-9989-54D3B7CEA51C}.Debug|Any CPU.Build.0 = Debug|Any CPU
		{1FA6C6C9-24AA-40C3-9989-54D3B7CEA51C}.Debug|x86.ActiveCfg = Debug|Any CPU
		{1FA6C6C9-24AA-40C3-9989-54D3B7CEA51C}.Debug|x86.Build.0 = Debug|Any CPU
		{1FA6C6C9-24AA-40C3-9989-54D3B7CEA51C}.Release|Any CPU.ActiveCfg = Release|Any CPU
		{1FA6C6C9-24AA-40C3-9989-54D3B7CEA51C}.Release|Any CPU.Build.0 = Release|Any CPU
		{1FA6C6C9-24AA-40C3-9989-54D3B7CEA51C}.Release|x86.ActiveCfg = Release|Any CPU
		{1FA6C6C9-24AA-40C3-9989-54D3B7CEA51C}.Release|x86.Build.0 = Release|Any CPU
		{500CB020-FEBF-4442-A395-CA08FE768A67}.Debug|Any CPU.ActiveCfg = Debug|Any CPU
		{500CB020-FEBF-4442-A395-CA08FE768A67}.Debug|Any CPU.Build.0 = Debug|Any CPU
		{500CB020-FEBF-4442-A395-CA08FE768A67}.Debug|x86.ActiveCfg = Debug|Any CPU
		{500CB020-FEBF-4442-A395-CA08FE768A67}.Debug|x86.Build.0 = Debug|Any CPU
		{500CB020-FEBF-4442-A395-CA08FE768A67}.Release|Any CPU.ActiveCfg = Release|Any CPU
		{500CB020-FEBF-4442-A395-CA08FE768A67}.Release|Any CPU.Build.0 = Release|Any CPU
		{500CB020-FEBF-4442-A395-CA08FE768A67}.Release|x86.ActiveCfg = Release|Any CPU
		{500CB020-FEBF-4442-A395-CA08FE768A67}.Release|x86.Build.0 = Release|Any CPU
		{40619C38-21EC-421E-8EFD-79A833AB1A95}.Debug|Any CPU.ActiveCfg = Debug|Any CPU
		{40619C38-21EC-421E-8EFD-79A833AB1A95}.Debug|Any CPU.Build.0 = Debug|Any CPU
		{40619C38-21EC-421E-8EFD-79A833AB1A95}.Debug|x86.ActiveCfg = Debug|Any CPU
		{40619C38-21EC-421E-8EFD-79A833AB1A95}.Debug|x86.Build.0 = Debug|Any CPU
		{40619C38-21EC-421E-8EFD-79A833AB1A95}.Release|Any CPU.ActiveCfg = Release|Any CPU
		{40619C38-21EC-421E-8EFD-79A833AB1A95}.Release|Any CPU.Build.0 = Release|Any CPU
		{40619C38-21EC-421E-8EFD-79A833AB1A95}.Release|x86.ActiveCfg = Release|Any CPU
		{40619C38-21EC-421E-8EFD-79A833AB1A95}.Release|x86.Build.0 = Release|Any CPU
		{6531550B-A30F-41B3-B821-CD28766129F4}.Debug|Any CPU.ActiveCfg = Debug|Any CPU
		{6531550B-A30F-41B3-B821-CD28766129F4}.Debug|Any CPU.Build.0 = Debug|Any CPU
		{6531550B-A30F-41B3-B821-CD28766129F4}.Debug|x86.ActiveCfg = Debug|Any CPU
		{6531550B-A30F-41B3-B821-CD28766129F4}.Debug|x86.Build.0 = Debug|Any CPU
		{6531550B-A30F-41B3-B821-CD28766129F4}.Release|Any CPU.ActiveCfg = Release|Any CPU
		{6531550B-A30F-41B3-B821-CD28766129F4}.Release|Any CPU.Build.0 = Release|Any CPU
		{6531550B-A30F-41B3-B821-CD28766129F4}.Release|x86.ActiveCfg = Release|Any CPU
		{6531550B-A30F-41B3-B821-CD28766129F4}.Release|x86.Build.0 = Release|Any CPU
		{890298EA-DB19-4E16-BD84-870DE3E2FC57}.Debug|Any CPU.ActiveCfg = Debug|Any CPU
		{890298EA-DB19-4E16-BD84-870DE3E2FC57}.Debug|Any CPU.Build.0 = Debug|Any CPU
		{890298EA-DB19-4E16-BD84-870DE3E2FC57}.Debug|x86.ActiveCfg = Debug|Any CPU
		{890298EA-DB19-4E16-BD84-870DE3E2FC57}.Debug|x86.Build.0 = Debug|Any CPU
		{890298EA-DB19-4E16-BD84-870DE3E2FC57}.Release|Any CPU.ActiveCfg = Release|Any CPU
		{890298EA-DB19-4E16-BD84-870DE3E2FC57}.Release|Any CPU.Build.0 = Release|Any CPU
		{890298EA-DB19-4E16-BD84-870DE3E2FC57}.Release|x86.ActiveCfg = Release|Any CPU
		{890298EA-DB19-4E16-BD84-870DE3E2FC57}.Release|x86.Build.0 = Release|Any CPU
		{BA83312D-3250-4288-8C84-ADF4067CB814}.Debug|Any CPU.ActiveCfg = Debug|Any CPU
		{BA83312D-3250-4288-8C84-ADF4067CB814}.Debug|Any CPU.Build.0 = Debug|Any CPU
		{BA83312D-3250-4288-8C84-ADF4067CB814}.Debug|x86.ActiveCfg = Debug|Any CPU
		{BA83312D-3250-4288-8C84-ADF4067CB814}.Debug|x86.Build.0 = Debug|Any CPU
		{BA83312D-3250-4288-8C84-ADF4067CB814}.Release|Any CPU.ActiveCfg = Release|Any CPU
		{BA83312D-3250-4288-8C84-ADF4067CB814}.Release|Any CPU.Build.0 = Release|Any CPU
		{BA83312D-3250-4288-8C84-ADF4067CB814}.Release|x86.ActiveCfg = Release|Any CPU
		{BA83312D-3250-4288-8C84-ADF4067CB814}.Release|x86.Build.0 = Release|Any CPU
		{DDC48CB3-1E39-417A-A42B-26B104FD8B88}.Debug|Any CPU.ActiveCfg = Debug|Any CPU
		{DDC48CB3-1E39-417A-A42B-26B104FD8B88}.Debug|Any CPU.Build.0 = Debug|Any CPU
		{DDC48CB3-1E39-417A-A42B-26B104FD8B88}.Debug|x86.ActiveCfg = Debug|Any CPU
		{DDC48CB3-1E39-417A-A42B-26B104FD8B88}.Debug|x86.Build.0 = Debug|Any CPU
		{DDC48CB3-1E39-417A-A42B-26B104FD8B88}.Release|Any CPU.ActiveCfg = Release|Any CPU
		{DDC48CB3-1E39-417A-A42B-26B104FD8B88}.Release|Any CPU.Build.0 = Release|Any CPU
		{DDC48CB3-1E39-417A-A42B-26B104FD8B88}.Release|x86.ActiveCfg = Release|Any CPU
		{DDC48CB3-1E39-417A-A42B-26B104FD8B88}.Release|x86.Build.0 = Release|Any CPU
		{1147AC5D-EABE-4615-8FE4-44EB76E30EBB}.Debug|Any CPU.ActiveCfg = Debug|Any CPU
		{1147AC5D-EABE-4615-8FE4-44EB76E30EBB}.Debug|Any CPU.Build.0 = Debug|Any CPU
		{1147AC5D-EABE-4615-8FE4-44EB76E30EBB}.Debug|x86.ActiveCfg = Debug|Any CPU
		{1147AC5D-EABE-4615-8FE4-44EB76E30EBB}.Debug|x86.Build.0 = Debug|Any CPU
		{1147AC5D-EABE-4615-8FE4-44EB76E30EBB}.Release|Any CPU.ActiveCfg = Release|Any CPU
		{1147AC5D-EABE-4615-8FE4-44EB76E30EBB}.Release|Any CPU.Build.0 = Release|Any CPU
		{1147AC5D-EABE-4615-8FE4-44EB76E30EBB}.Release|x86.ActiveCfg = Release|Any CPU
		{1147AC5D-EABE-4615-8FE4-44EB76E30EBB}.Release|x86.Build.0 = Release|Any CPU
		{C2802E20-1792-477A-B2C8-BC00B4EB4EDE}.Debug|Any CPU.ActiveCfg = Debug|Any CPU
		{C2802E20-1792-477A-B2C8-BC00B4EB4EDE}.Debug|Any CPU.Build.0 = Debug|Any CPU
		{C2802E20-1792-477A-B2C8-BC00B4EB4EDE}.Debug|x86.ActiveCfg = Debug|Any CPU
		{C2802E20-1792-477A-B2C8-BC00B4EB4EDE}.Debug|x86.Build.0 = Debug|Any CPU
		{C2802E20-1792-477A-B2C8-BC00B4EB4EDE}.Release|Any CPU.ActiveCfg = Release|Any CPU
		{C2802E20-1792-477A-B2C8-BC00B4EB4EDE}.Release|Any CPU.Build.0 = Release|Any CPU
		{C2802E20-1792-477A-B2C8-BC00B4EB4EDE}.Release|x86.ActiveCfg = Release|Any CPU
		{C2802E20-1792-477A-B2C8-BC00B4EB4EDE}.Release|x86.Build.0 = Release|Any CPU
		{07C0D834-CECE-4F78-B0D6-BB91DC89BCC5}.Debug|Any CPU.ActiveCfg = Debug|Any CPU
		{07C0D834-CECE-4F78-B0D6-BB91DC89BCC5}.Debug|Any CPU.Build.0 = Debug|Any CPU
		{07C0D834-CECE-4F78-B0D6-BB91DC89BCC5}.Debug|x86.ActiveCfg = Debug|Any CPU
		{07C0D834-CECE-4F78-B0D6-BB91DC89BCC5}.Debug|x86.Build.0 = Debug|Any CPU
		{07C0D834-CECE-4F78-B0D6-BB91DC89BCC5}.Release|Any CPU.ActiveCfg = Release|Any CPU
		{07C0D834-CECE-4F78-B0D6-BB91DC89BCC5}.Release|Any CPU.Build.0 = Release|Any CPU
		{07C0D834-CECE-4F78-B0D6-BB91DC89BCC5}.Release|x86.ActiveCfg = Release|Any CPU
		{07C0D834-CECE-4F78-B0D6-BB91DC89BCC5}.Release|x86.Build.0 = Release|Any CPU
		{ED99794A-B694-4EB9-B6A6-BC35DE71EFAF}.Debug|Any CPU.ActiveCfg = Debug|Any CPU
		{ED99794A-B694-4EB9-B6A6-BC35DE71EFAF}.Debug|Any CPU.Build.0 = Debug|Any CPU
		{ED99794A-B694-4EB9-B6A6-BC35DE71EFAF}.Debug|x86.ActiveCfg = Debug|Any CPU
		{ED99794A-B694-4EB9-B6A6-BC35DE71EFAF}.Debug|x86.Build.0 = Debug|Any CPU
		{ED99794A-B694-4EB9-B6A6-BC35DE71EFAF}.Release|Any CPU.ActiveCfg = Release|Any CPU
		{ED99794A-B694-4EB9-B6A6-BC35DE71EFAF}.Release|Any CPU.Build.0 = Release|Any CPU
		{ED99794A-B694-4EB9-B6A6-BC35DE71EFAF}.Release|x86.ActiveCfg = Release|Any CPU
		{ED99794A-B694-4EB9-B6A6-BC35DE71EFAF}.Release|x86.Build.0 = Release|Any CPU
		{8B3C5689-2FB3-4135-B705-0CBD6979E932}.Debug|Any CPU.ActiveCfg = Debug|Any CPU
		{8B3C5689-2FB3-4135-B705-0CBD6979E932}.Debug|Any CPU.Build.0 = Debug|Any CPU
		{8B3C5689-2FB3-4135-B705-0CBD6979E932}.Debug|x86.ActiveCfg = Debug|Any CPU
		{8B3C5689-2FB3-4135-B705-0CBD6979E932}.Debug|x86.Build.0 = Debug|Any CPU
		{8B3C5689-2FB3-4135-B705-0CBD6979E932}.Release|Any CPU.ActiveCfg = Release|Any CPU
		{8B3C5689-2FB3-4135-B705-0CBD6979E932}.Release|Any CPU.Build.0 = Release|Any CPU
		{8B3C5689-2FB3-4135-B705-0CBD6979E932}.Release|x86.ActiveCfg = Release|Any CPU
		{8B3C5689-2FB3-4135-B705-0CBD6979E932}.Release|x86.Build.0 = Release|Any CPU
		{AE5BC300-AC22-4D30-A061-9406BC9949A4}.Debug|Any CPU.ActiveCfg = Debug|Any CPU
		{AE5BC300-AC22-4D30-A061-9406BC9949A4}.Debug|Any CPU.Build.0 = Debug|Any CPU
		{AE5BC300-AC22-4D30-A061-9406BC9949A4}.Debug|x86.ActiveCfg = Debug|Any CPU
		{AE5BC300-AC22-4D30-A061-9406BC9949A4}.Debug|x86.Build.0 = Debug|Any CPU
		{AE5BC300-AC22-4D30-A061-9406BC9949A4}.Release|Any CPU.ActiveCfg = Release|Any CPU
		{AE5BC300-AC22-4D30-A061-9406BC9949A4}.Release|Any CPU.Build.0 = Release|Any CPU
		{AE5BC300-AC22-4D30-A061-9406BC9949A4}.Release|x86.ActiveCfg = Release|Any CPU
		{AE5BC300-AC22-4D30-A061-9406BC9949A4}.Release|x86.Build.0 = Release|Any CPU
		{620F398C-0C08-4EDE-8E6E-C4654B2589FA}.Debug|Any CPU.ActiveCfg = Debug|Any CPU
		{620F398C-0C08-4EDE-8E6E-C4654B2589FA}.Debug|Any CPU.Build.0 = Debug|Any CPU
		{620F398C-0C08-4EDE-8E6E-C4654B2589FA}.Debug|x86.ActiveCfg = Debug|Any CPU
		{620F398C-0C08-4EDE-8E6E-C4654B2589FA}.Debug|x86.Build.0 = Debug|Any CPU
		{620F398C-0C08-4EDE-8E6E-C4654B2589FA}.Release|Any CPU.ActiveCfg = Release|Any CPU
		{620F398C-0C08-4EDE-8E6E-C4654B2589FA}.Release|Any CPU.Build.0 = Release|Any CPU
		{620F398C-0C08-4EDE-8E6E-C4654B2589FA}.Release|x86.ActiveCfg = Release|Any CPU
		{620F398C-0C08-4EDE-8E6E-C4654B2589FA}.Release|x86.Build.0 = Release|Any CPU
		{738B46A3-763A-434F-B07F-79D330D19CD7}.Debug|Any CPU.ActiveCfg = Debug|Any CPU
		{738B46A3-763A-434F-B07F-79D330D19CD7}.Debug|Any CPU.Build.0 = Debug|Any CPU
		{738B46A3-763A-434F-B07F-79D330D19CD7}.Debug|x86.ActiveCfg = Debug|Any CPU
		{738B46A3-763A-434F-B07F-79D330D19CD7}.Debug|x86.Build.0 = Debug|Any CPU
		{738B46A3-763A-434F-B07F-79D330D19CD7}.Release|Any CPU.ActiveCfg = Release|Any CPU
		{738B46A3-763A-434F-B07F-79D330D19CD7}.Release|Any CPU.Build.0 = Release|Any CPU
		{738B46A3-763A-434F-B07F-79D330D19CD7}.Release|x86.ActiveCfg = Release|Any CPU
		{738B46A3-763A-434F-B07F-79D330D19CD7}.Release|x86.Build.0 = Release|Any CPU
		{2C7D33C3-44B1-4240-9BF1-D50F3DD4BF58}.Debug|Any CPU.ActiveCfg = Debug|Any CPU
		{2C7D33C3-44B1-4240-9BF1-D50F3DD4BF58}.Debug|Any CPU.Build.0 = Debug|Any CPU
		{2C7D33C3-44B1-4240-9BF1-D50F3DD4BF58}.Debug|x86.ActiveCfg = Debug|Any CPU
		{2C7D33C3-44B1-4240-9BF1-D50F3DD4BF58}.Debug|x86.Build.0 = Debug|Any CPU
		{2C7D33C3-44B1-4240-9BF1-D50F3DD4BF58}.Release|Any CPU.ActiveCfg = Release|Any CPU
		{2C7D33C3-44B1-4240-9BF1-D50F3DD4BF58}.Release|Any CPU.Build.0 = Release|Any CPU
		{2C7D33C3-44B1-4240-9BF1-D50F3DD4BF58}.Release|x86.ActiveCfg = Release|Any CPU
		{2C7D33C3-44B1-4240-9BF1-D50F3DD4BF58}.Release|x86.Build.0 = Release|Any CPU
		{A7B326D2-F40C-4FCA-8B79-189B0F968498}.Debug|Any CPU.ActiveCfg = Debug|Any CPU
		{A7B326D2-F40C-4FCA-8B79-189B0F968498}.Debug|Any CPU.Build.0 = Debug|Any CPU
		{A7B326D2-F40C-4FCA-8B79-189B0F968498}.Debug|x86.ActiveCfg = Debug|Any CPU
		{A7B326D2-F40C-4FCA-8B79-189B0F968498}.Debug|x86.Build.0 = Debug|Any CPU
		{A7B326D2-F40C-4FCA-8B79-189B0F968498}.Release|Any CPU.ActiveCfg = Release|Any CPU
		{A7B326D2-F40C-4FCA-8B79-189B0F968498}.Release|Any CPU.Build.0 = Release|Any CPU
		{A7B326D2-F40C-4FCA-8B79-189B0F968498}.Release|x86.ActiveCfg = Release|Any CPU
		{A7B326D2-F40C-4FCA-8B79-189B0F968498}.Release|x86.Build.0 = Release|Any CPU
	EndGlobalSection
	GlobalSection(SolutionProperties) = preSolution
		HideSolutionNode = FALSE
	EndGlobalSection
	GlobalSection(NestedProjects) = preSolution
		{0909840C-9D45-48EF-BD77-F36321B22775} = {0A293111-2FB5-4825-8AE9-644BF0C6C85E}
		{65E1CC5E-B8B8-448D-AC78-550FCE11E71B} = {0A293111-2FB5-4825-8AE9-644BF0C6C85E}
		{9E8A149B-6914-4896-B3CC-644B7C10828F} = {0A293111-2FB5-4825-8AE9-644BF0C6C85E}
		{9EBD8951-23D7-4DDA-89BA-03C79626BFC8} = {0A293111-2FB5-4825-8AE9-644BF0C6C85E}
		{1FA6C6C9-24AA-40C3-9989-54D3B7CEA51C} = {0A293111-2FB5-4825-8AE9-644BF0C6C85E}
		{500CB020-FEBF-4442-A395-CA08FE768A67} = {0A293111-2FB5-4825-8AE9-644BF0C6C85E}
		{40619C38-21EC-421E-8EFD-79A833AB1A95} = {0A293111-2FB5-4825-8AE9-644BF0C6C85E}
		{6531550B-A30F-41B3-B821-CD28766129F4} = {0A293111-2FB5-4825-8AE9-644BF0C6C85E}
		{890298EA-DB19-4E16-BD84-870DE3E2FC57} = {0A293111-2FB5-4825-8AE9-644BF0C6C85E}
		{BA83312D-3250-4288-8C84-ADF4067CB814} = {0A293111-2FB5-4825-8AE9-644BF0C6C85E}
		{DDC48CB3-1E39-417A-A42B-26B104FD8B88} = {0A293111-2FB5-4825-8AE9-644BF0C6C85E}
		{1147AC5D-EABE-4615-8FE4-44EB76E30EBB} = {B3CEF985-BCF8-4ACF-A4FC-FCECC86D8CDC}
		{C2802E20-1792-477A-B2C8-BC00B4EB4EDE} = {B3CEF985-BCF8-4ACF-A4FC-FCECC86D8CDC}
		{07C0D834-CECE-4F78-B0D6-BB91DC89BCC5} = {B3CEF985-BCF8-4ACF-A4FC-FCECC86D8CDC}
		{ED99794A-B694-4EB9-B6A6-BC35DE71EFAF} = {B3CEF985-BCF8-4ACF-A4FC-FCECC86D8CDC}
		{8B3C5689-2FB3-4135-B705-0CBD6979E932} = {B3CEF985-BCF8-4ACF-A4FC-FCECC86D8CDC}
		{AE5BC300-AC22-4D30-A061-9406BC9949A4} = {B3CEF985-BCF8-4ACF-A4FC-FCECC86D8CDC}
		{620F398C-0C08-4EDE-8E6E-C4654B2589FA} = {B3CEF985-BCF8-4ACF-A4FC-FCECC86D8CDC}
		{738B46A3-763A-434F-B07F-79D330D19CD7} = {B3CEF985-BCF8-4ACF-A4FC-FCECC86D8CDC}
		{2C7D33C3-44B1-4240-9BF1-D50F3DD4BF58} = {B3CEF985-BCF8-4ACF-A4FC-FCECC86D8CDC}
		{A7B326D2-F40C-4FCA-8B79-189B0F968498} = {0A293111-2FB5-4825-8AE9-644BF0C6C85E}
		{2C20215E-46E1-48B8-877C-7410AFD92634} = {0A293111-2FB5-4825-8AE9-644BF0C6C85E}
		{865ECDEB-9A50-4160-875E-2BEAEA8DD41A} = {B3CEF985-BCF8-4ACF-A4FC-FCECC86D8CDC}
	EndGlobalSection
	GlobalSection(ExtensibilityGlobals) = postSolution
		SolutionGuid = {8A821C32-07AE-4EB9-952D-6B04787EC2E8}
	EndGlobalSection
EndGlobal
