
Microsoft Visual Studio Solution File, Format Version 12.00
# Visual Studio Version 17
VisualStudioVersion = 17.0.32014.148
MinimumVisualStudioVersion = 10.0.40219.1
Project("{9A19103F-16F7-4668-BE54-9A1E7A4F7556}") = "Entra21.ExemplosWhile", "Entra21.ExemplosWhile\Entra21.ExemplosWhile.csproj", "{03956220-4BE2-4592-A76F-79F4D80B7638}"
EndProject
Project("{9A19103F-16F7-4668-BE54-9A1E7A4F7556}") = "Entra21.ExerciciosWhile", "Entra21.ExerciciosWhile\Entra21.ExerciciosWhile.csproj", "{35750D2F-6253-4781-AAC0-16A14B767E29}"
EndProject
Project("{9A19103F-16F7-4668-BE54-9A1E7A4F7556}") = "Entra21.ExerciciosForComTryCatch", "Entra21.ExerciciosForComTryCatch\Entra21.ExerciciosForComTryCatch.csproj", "{75758826-F0E3-457F-BC50-DC7E5EA3C0D8}"
EndProject
Project("{9A19103F-16F7-4668-BE54-9A1E7A4F7556}") = "Entra21.ExemplosIf", "Entra21.ExemplosIf\Entra21.ExemplosIf.csproj", "{F68B8597-3E77-4E52-A9A6-DCE88AB42611}"
EndProject
Project("{9A19103F-16F7-4668-BE54-9A1E7A4F7556}") = "Entra21.ExemplosFor", "Entra21.ExemplosFor\Entra21.ExemplosFor.csproj", "{1F71F537-9FF3-4573-BDEF-89C4EA9B5F86}"
EndProject
Project("{9A19103F-16F7-4668-BE54-9A1E7A4F7556}") = "Entra21.ExemplosTryCatch", "Entra21.ExemplosTryCatch\Entra21.ExemplosTryCatch.csproj", "{2EDECF67-D9F7-42BB-A069-23723C8E4B5F}"
EndProject
Global
	GlobalSection(SolutionConfigurationPlatforms) = preSolution
		Debug|Any CPU = Debug|Any CPU
		Release|Any CPU = Release|Any CPU
	EndGlobalSection
	GlobalSection(ProjectConfigurationPlatforms) = postSolution
		{03956220-4BE2-4592-A76F-79F4D80B7638}.Debug|Any CPU.ActiveCfg = Debug|Any CPU
		{03956220-4BE2-4592-A76F-79F4D80B7638}.Debug|Any CPU.Build.0 = Debug|Any CPU
		{03956220-4BE2-4592-A76F-79F4D80B7638}.Release|Any CPU.ActiveCfg = Release|Any CPU
		{03956220-4BE2-4592-A76F-79F4D80B7638}.Release|Any CPU.Build.0 = Release|Any CPU
		{35750D2F-6253-4781-AAC0-16A14B767E29}.Debug|Any CPU.ActiveCfg = Debug|Any CPU
		{35750D2F-6253-4781-AAC0-16A14B767E29}.Debug|Any CPU.Build.0 = Debug|Any CPU
		{35750D2F-6253-4781-AAC0-16A14B767E29}.Release|Any CPU.ActiveCfg = Release|Any CPU
		{35750D2F-6253-4781-AAC0-16A14B767E29}.Release|Any CPU.Build.0 = Release|Any CPU
		{75758826-F0E3-457F-BC50-DC7E5EA3C0D8}.Debug|Any CPU.ActiveCfg = Debug|Any CPU
		{75758826-F0E3-457F-BC50-DC7E5EA3C0D8}.Debug|Any CPU.Build.0 = Debug|Any CPU
		{75758826-F0E3-457F-BC50-DC7E5EA3C0D8}.Release|Any CPU.ActiveCfg = Release|Any CPU
		{75758826-F0E3-457F-BC50-DC7E5EA3C0D8}.Release|Any CPU.Build.0 = Release|Any CPU
		{F68B8597-3E77-4E52-A9A6-DCE88AB42611}.Debug|Any CPU.ActiveCfg = Debug|Any CPU
		{F68B8597-3E77-4E52-A9A6-DCE88AB42611}.Debug|Any CPU.Build.0 = Debug|Any CPU
		{F68B8597-3E77-4E52-A9A6-DCE88AB42611}.Release|Any CPU.ActiveCfg = Release|Any CPU
		{F68B8597-3E77-4E52-A9A6-DCE88AB42611}.Release|Any CPU.Build.0 = Release|Any CPU
		{1F71F537-9FF3-4573-BDEF-89C4EA9B5F86}.Debug|Any CPU.ActiveCfg = Debug|Any CPU
		{1F71F537-9FF3-4573-BDEF-89C4EA9B5F86}.Debug|Any CPU.Build.0 = Debug|Any CPU
		{1F71F537-9FF3-4573-BDEF-89C4EA9B5F86}.Release|Any CPU.ActiveCfg = Release|Any CPU
		{1F71F537-9FF3-4573-BDEF-89C4EA9B5F86}.Release|Any CPU.Build.0 = Release|Any CPU
		{2EDECF67-D9F7-42BB-A069-23723C8E4B5F}.Debug|Any CPU.ActiveCfg = Debug|Any CPU
		{2EDECF67-D9F7-42BB-A069-23723C8E4B5F}.Debug|Any CPU.Build.0 = Debug|Any CPU
		{2EDECF67-D9F7-42BB-A069-23723C8E4B5F}.Release|Any CPU.ActiveCfg = Release|Any CPU
		{2EDECF67-D9F7-42BB-A069-23723C8E4B5F}.Release|Any CPU.Build.0 = Release|Any CPU
	EndGlobalSection
	GlobalSection(SolutionProperties) = preSolution
		HideSolutionNode = FALSE
	EndGlobalSection
	GlobalSection(ExtensibilityGlobals) = postSolution
		SolutionGuid = {8A821C32-07AE-4EB9-952D-6B04787EC2E8}
	EndGlobalSection
EndGlobal
